
Microsoft Visual Studio Solution File, Format Version 12.00
Project("{FAE04EC0-301F-11D3-BF4B-00C04F79EFBC}") = "JSONParsingPractice2", "JSONParsingPractice2\JSONParsingPractice2.csproj", "{C17BA79F-D793-41B8-BA47-362E49853F73}"
EndProject
Global
	GlobalSection(SolutionConfigurationPlatforms) = preSolution
		Debug|Any CPU = Debug|Any CPU
		Release|Any CPU = Release|Any CPU
	EndGlobalSection
	GlobalSection(ProjectConfigurationPlatforms) = postSolution
		{C17BA79F-D793-41B8-BA47-362E49853F73}.Debug|Any CPU.ActiveCfg = Debug|Any CPU
		{C17BA79F-D793-41B8-BA47-362E49853F73}.Debug|Any CPU.Build.0 = Debug|Any CPU
		{C17BA79F-D793-41B8-BA47-362E49853F73}.Release|Any CPU.ActiveCfg = Release|Any CPU
		{C17BA79F-D793-41B8-BA47-362E49853F73}.Release|Any CPU.Build.0 = Release|Any CPU
	EndGlobalSection
EndGlobal
